github.com/hungryram/vesper v0.0.0-20220212192015-3b09b12c510e h1:7vOGBeZ0yx/XzyhYm1yRkNfWjhd/x1umZg7n7aybAt0=
github.com/hungryram/vesper v0.0.0-20220212192015-3b09b12c510e/go.mod h1:Q3YCFMwuqpahUi1a9etS2qLDyOkMLFQnF6ruL2VfKYA=
github.com/hungryram/vesper v0.0.0-20220212212009-41c5669a802b h1:v13Io27zL4KCqF/zEUXf1OrWM2TeuNUx0WT6WJqz1q0=
github.com/hungryram/vesper v0.0.0-20220212212009-41c5669a802b/go.mod h1:Q3YCFMwuqpahUi1a9etS2qLDyOkMLFQnF6ruL2VfKYA=
github.com/hungryram/vesper v0.0.0-20220212213329-e2728673cde2 h1:nH5qxApUC46kq/3Gdq5cEUasrjB91W2B5e41BhEVWEE=
github.com/hungryram/vesper v0.0.0-20220212213329-e2728673cde2/go.mod h1:Q3YCFMwuqpahUi1a9etS2qLDyOkMLFQnF6ruL2VfKYA=
